<!--
  AI Memory
  Copyright © 2026 douxy1994
  SPDX-License-Identifier: AGPL-3.0-only
-->
<Solution>
  <Project Path="src/AIMemory.Core/AIMemory.Core.csproj" />
  <Project Path="src/AIMemory.Mcp/AIMemory.Mcp.csproj" />
  <Project Path="src/AIMemory.Windows/AIMemory.Windows.csproj" />
  <Project Path="tests/AIMemory.Core.Tests/AIMemory.Core.Tests.csproj" />
</Solution>
